
Microsoft Visual Studio Solution File, Format Version 12.00
# Visual Studio Version 17
VisualStudioVersion = 17.13.35931.197 d17.13
MinimumVisualStudioVersion = 10.0.40219.1
Project("{FAE04EC0-301F-11D3-BF4B-00C04F79EFBC}") = "GitHub Collaboration Practice", "GitHub Collaboration Practice\GitHub Collaboration Practice.csproj", "{0C2A1952-B77C-4CB8-9DE0-97D5B63BD0CC}"
EndProject
Global
	GlobalSection(SolutionConfigurationPlatforms) = preSolution
		Debug|Any CPU = Debug|Any CPU
		Release|Any CPU = Release|Any CPU
	EndGlobalSection
	GlobalSection(ProjectConfigurationPlatforms) = postSolution
		{0C2A1952-B77C-4CB8-9DE0-97D5B63BD0CC}.Debug|Any CPU.ActiveCfg = Debug|Any CPU
		{0C2A1952-B77C-4CB8-9DE0-97D5B63BD0CC}.Debug|Any CPU.Build.0 = Debug|Any CPU
		{0C2A1952-B77C-4CB8-9DE0-97D5B63BD0CC}.Release|Any CPU.ActiveCfg = Release|Any CPU
		{0C2A1952-B77C-4CB8-9DE0-97D5B63BD0CC}.Release|Any CPU.Build.0 = Release|Any CPU
	EndGlobalSection
	GlobalSection(SolutionProperties) = preSolution
		HideSolutionNode = FALSE
	EndGlobalSection
	GlobalSection(ExtensibilityGlobals) = postSolution
		SolutionGuid = {55860523-D155-4932-ACC5-A91FC30FB62E}
	EndGlobalSection
EndGlobal
